
Microsoft Visual Studio Solution File, Format Version 12.00
# Visual Studio Version 18
VisualStudioVersion = 18.3.11222.16
MinimumVisualStudioVersion = 10.0.40219.1
Project("{FAE04EC0-301F-11D3-BF4B-00C04F79EFBC}") = "NetGenCAD.UI", "NetGenCAD.UI\NetGenCAD.UI\NetGenCAD.UI.csproj", "{EC192692-7C64-A7C5-C632-43BE90B45EC5}"
EndProject
Project("{FAE04EC0-301F-11D3-BF4B-00C04F79EFBC}") = "NetGenCAD.Axis", "NetGenCAD.Axis\NetGenCAD.Axis.csproj", "{CE084FAC-B55F-DB6D-88AE-23B42F97225B}"
EndProject
Project("{FAE04EC0-301F-11D3-BF4B-00C04F79EFBC}") = "NetGenCAD.Core", "NetGenCAD.Core\NetGenCAD.Core.csproj", "{253919E9-C5BF-176D-8B51-C1CB670ACCBE}"
EndProject
Project("{FAE04EC0-301F-11D3-BF4B-00C04F79EFBC}") = "NetGenCAD.Designer", "NetGenCAD.Designer\NetGenCAD.Designer.csproj", "{0466EE1E-3809-E8F6-AD65-0E2DDD6C9C61}"
EndProject
Project("{FAE04EC0-301F-11D3-BF4B-00C04F79EFBC}") = "NetGenCAD.UI.Linux", "NetGenCAD.UI\NetGenCAD.UI.Linux\NetGenCAD.UI.Linux.csproj", "{E28A3177-B8EA-B63D-0493-ADFD82643D07}"
EndProject
Project("{FAE04EC0-301F-11D3-BF4B-00C04F79EFBC}") = "NetGenCAD.UI.Windows", "NetGenCAD.UI\NetGenCAD.UI.Windows\NetGenCAD.UI.Windows.csproj", "{3E11FCBF-12C1-5319-5BAE-D925220DD371}"
EndProject
Global
	GlobalSection(SolutionConfigurationPlatforms) = preSolution
		Debug|Any CPU = Debug|Any CPU
		Debug|ARM64 = Debug|ARM64
		Debug|x64 = Debug|x64
		Release|Any CPU = Release|Any CPU
		Release|ARM64 = Release|ARM64
		Release|x64 = Release|x64
	EndGlobalSection
	GlobalSection(ProjectConfigurationPlatforms) = postSolution
		{EC192692-7C64-A7C5-C632-43BE90B45EC5}.Debug|Any CPU.ActiveCfg = Debug|Any CPU
		{EC192692-7C64-A7C5-C632-43BE90B45EC5}.Debug|Any CPU.Build.0 = Debug|Any CPU
		{EC192692-7C64-A7C5-C632-43BE90B45EC5}.Debug|ARM64.ActiveCfg = Debug|ARM64
		{EC192692-7C64-A7C5-C632-43BE90B45EC5}.Debug|ARM64.Build.0 = Debug|ARM64
		{EC192692-7C64-A7C5-C632-43BE90B45EC5}.Debug|x64.ActiveCfg = Debug|x64
		{EC192692-7C64-A7C5-C632-43BE90B45EC5}.Debug|x64.Build.0 = Debug|x64
		{EC192692-7C64-A7C5-C632-43BE90B45EC5}.Release|Any CPU.ActiveCfg = Release|Any CPU
		{EC192692-7C64-A7C5-C632-43BE90B45EC5}.Release|Any CPU.Build.0 = Release|Any CPU
		{EC192692-7C64-A7C5-C632-43BE90B45EC5}.Release|ARM64.ActiveCfg = Release|ARM64
		{EC192692-7C64-A7C5-C632-43BE90B45EC5}.Release|ARM64.Build.0 = Release|ARM64
		{EC192692-7C64-A7C5-C632-43BE90B45EC5}.Release|x64.ActiveCfg = Release|x64
		{EC192692-7C64-A7C5-C632-43BE90B45EC5}.Release|x64.Build.0 = Release|x64
		{CE084FAC-B55F-DB6D-88AE-23B42F97225B}.Debug|Any CPU.ActiveCfg = Debug|Any CPU
		{CE084FAC-B55F-DB6D-88AE-23B42F97225B}.Debug|Any CPU.Build.0 = Debug|Any CPU
		{CE084FAC-B55F-DB6D-88AE-23B42F97225B}.Debug|ARM64.ActiveCfg = Debug|ARM64
		{CE084FAC-B55F-DB6D-88AE-23B42F97225B}.Debug|ARM64.Build.0 = Debug|ARM64
		{CE084FAC-B55F-DB6D-88AE-23B42F97225B}.Debug|x64.ActiveCfg = Debug|x64
		{CE084FAC-B55F-DB6D-88AE-23B42F97225B}.Debug|x64.Build.0 = Debug|x64
		{CE084FAC-B55F-DB6D-88AE-23B42F97225B}.Release|Any CPU.ActiveCfg = Release|Any CPU
		{CE084FAC-B55F-DB6D-88AE-23B42F97225B}.Release|Any CPU.Build.0 = Release|Any CPU
		{CE084FAC-B55F-DB6D-88AE-23B42F97225B}.Release|ARM64.ActiveCfg = Release|ARM64
		{CE084FAC-B55F-DB6D-88AE-23B42F97225B}.Release|ARM64.Build.0 = Release|ARM64
		{CE084FAC-B55F-DB6D-88AE-23B42F97225B}.Release|x64.ActiveCfg = Release|x64
		{CE084FAC-B55F-DB6D-88AE-23B42F97225B}.Release|x64.Build.0 = Release|x64
		{253919E9-C5BF-176D-8B51-C1CB670ACCBE}.Debug|Any CPU.ActiveCfg = Debug|Any CPU
		{253919E9-C5BF-176D-8B51-C1CB670ACCBE}.Debug|Any CPU.Build.0 = Debug|Any CPU
		{253919E9-C5BF-176D-8B51-C1CB670ACCBE}.Debug|ARM64.ActiveCfg = Debug|ARM64
		{253919E9-C5BF-176D-8B51-C1CB670ACCBE}.Debug|ARM64.Build.0 = Debug|ARM64
		{253919E9-C5BF-176D-8B51-C1CB670ACCBE}.Debug|x64.ActiveCfg = Debug|x64
		{253919E9-C5BF-176D-8B51-C1CB670ACCBE}.Debug|x64.Build.0 = Debug|x64
		{253919E9-C5BF-176D-8B51-C1CB670ACCBE}.Release|Any CPU.ActiveCfg = Release|Any CPU
		{253919E9-C5BF-176D-8B51-C1CB670ACCBE}.Release|Any CPU.Build.0 = Release|Any CPU
		{253919E9-C5BF-176D-8B51-C1CB670ACCBE}.Release|ARM64.ActiveCfg = Release|ARM64
		{253919E9-C5BF-176D-8B51-C1CB670ACCBE}.Release|ARM64.Build.0 = Release|ARM64
		{253919E9-C5BF-176D-8B51-C1CB670ACCBE}.Release|x64.ActiveCfg = Release|x64
		{253919E9-C5BF-176D-8B51-C1CB670ACCBE}.Release|x64.Build.0 = Release|x64
		{0466EE1E-3809-E8F6-AD65-0E2DDD6C9C61}.Debug|Any CPU.ActiveCfg = Debug|Any CPU
		{0466EE1E-3809-E8F6-AD65-0E2DDD6C9C61}.Debug|Any CPU.Build.0 = Debug|Any CPU
		{0466EE1E-3809-E8F6-AD65-0E2DDD6C9C61}.Debug|ARM64.ActiveCfg = Debug|ARM64
		{0466EE1E-3809-E8F6-AD65-0E2DDD6C9C61}.Debug|ARM64.Build.0 = Debug|ARM64
		{0466EE1E-3809-E8F6-AD65-0E2DDD6C9C61}.Debug|x64.ActiveCfg = Debug|x64
		{0466EE1E-3809-E8F6-AD65-0E2DDD6C9C61}.Debug|x64.Build.0 = Debug|x64
		{0466EE1E-3809-E8F6-AD65-0E2DDD6C9C61}.Release|Any CPU.ActiveCfg = Release|Any CPU
		{0466EE1E-3809-E8F6-AD65-0E2DDD6C9C61}.Release|Any CPU.Build.0 = Release|Any CPU
		{0466EE1E-3809-E8F6-AD65-0E2DDD6C9C61}.Release|ARM64.ActiveCfg = Release|ARM64
		{0466EE1E-3809-E8F6-AD65-0E2DDD6C9C61}.Release|ARM64.Build.0 = Release|ARM64
		{0466EE1E-3809-E8F6-AD65-0E2DDD6C9C61}.Release|x64.ActiveCfg = Release|x64
		{0466EE1E-3809-E8F6-AD65-0E2DDD6C9C61}.Release|x64.Build.0 = Release|x64
		{E28A3177-B8EA-B63D-0493-ADFD82643D07}.Debug|Any CPU.ActiveCfg = Debug|Any CPU
		{E28A3177-B8EA-B63D-0493-ADFD82643D07}.Debug|Any CPU.Build.0 = Debug|Any CPU
		{E28A3177-B8EA-B63D-0493-ADFD82643D07}.Debug|ARM64.ActiveCfg = Debug|ARM64
		{E28A3177-B8EA-B63D-0493-ADFD82643D07}.Debug|ARM64.Build.0 = Debug|ARM64
		{E28A3177-B8EA-B63D-0493-ADFD82643D07}.Debug|x64.ActiveCfg = Debug|x64
		{E28A3177-B8EA-B63D-0493-ADFD82643D07}.Debug|x64.Build.0 = Debug|x64
		{E28A3177-B8EA-B63D-0493-ADFD82643D07}.Release|Any CPU.ActiveCfg = Release|Any CPU
		{E28A3177-B8EA-B63D-0493-ADFD82643D07}.Release|Any CPU.Build.0 = Release|Any CPU
		{E28A3177-B8EA-B63D-0493-ADFD82643D07}.Release|ARM64.ActiveCfg = Release|ARM64
		{E28A3177-B8EA-B63D-0493-ADFD82643D07}.Release|ARM64.Build.0 = Release|ARM64
		{E28A3177-B8EA-B63D-0493-ADFD82643D07}.Release|x64.ActiveCfg = Release|x64
		{E28A3177-B8EA-B63D-0493-ADFD82643D07}.Release|x64.Build.0 = Release|x64
		{3E11FCBF-12C1-5319-5BAE-D925220DD371}.Debug|Any CPU.ActiveCfg = Debug|Any CPU
		{3E11FCBF-12C1-5319-5BAE-D925220DD371}.Debug|Any CPU.Build.0 = Debug|Any CPU
		{3E11FCBF-12C1-5319-5BAE-D925220DD371}.Debug|ARM64.ActiveCfg = Debug|Any CPU
		{3E11FCBF-12C1-5319-5BAE-D925220DD371}.Debug|ARM64.Build.0 = Debug|Any CPU
		{3E11FCBF-12C1-5319-5BAE-D925220DD371}.Debug|x64.ActiveCfg = Debug|x64
		{3E11FCBF-12C1-5319-5BAE-D925220DD371}.Debug|x64.Build.0 = Debug|x64
		{3E11FCBF-12C1-5319-5BAE-D925220DD371}.Release|Any CPU.ActiveCfg = Release|Any CPU
		{3E11FCBF-12C1-5319-5BAE-D925220DD371}.Release|Any CPU.Build.0 = Release|Any CPU
		{3E11FCBF-12C1-5319-5BAE-D925220DD371}.Release|ARM64.ActiveCfg = Release|Any CPU
		{3E11FCBF-12C1-5319-5BAE-D925220DD371}.Release|ARM64.Build.0 = Release|Any CPU
		{3E11FCBF-12C1-5319-5BAE-D925220DD371}.Release|x64.ActiveCfg = Release|x64
		{3E11FCBF-12C1-5319-5BAE-D925220DD371}.Release|x64.Build.0 = Release|x64
	EndGlobalSection
	GlobalSection(SolutionProperties) = preSolution
		HideSolutionNode = FALSE
	EndGlobalSection
	GlobalSection(ExtensibilityGlobals) = postSolution
		SolutionGuid = {EF21017F-C04D-42BE-AF11-C0923B6E477D}
	EndGlobalSection
EndGlobal
